// !$*UTF8*$!
{
	archiveVersion = 1;
	classes = {
	};
	objectVersion = 50;
	objects = {

/* Begin PBXBuildFile section */
		2984DCA72560F73300C8CA70 /* AppDelegate.swift in Sources */ = {isa = PBXBuildFile; fileRef = 2984DCA62560F73300C8CA70 /* AppDelegate.swift */; };
		2984DCA92560F73300C8CA70 /* SceneDelegate.swift in Sources */ = {isa = PBXBuildFile; fileRef = 2984DCA82560F73300C8CA70 /* SceneDelegate.swift */; };
		2984DCAB2560F73300C8CA70 /* ViewController.swift in Sources */ = {isa = PBXBuildFile; fileRef = 2984DCAA2560F73300C8CA70 /* ViewController.swift */; };
		2984DCAE2560F73300C8CA70 /* Main.storyboard in Resources */ = {isa = PBXBuildFile; fileRef = 2984DCAC2560F73300C8CA70 /* Main.storyboard */; };
		2984DCB02560F73D00C8CA70 /* Assets.xcassets in Resources */ = {isa = PBXBuildFile; fileRef = 2984DCAF2560F73D00C8CA70 /* Assets.xcassets */; };
		2984DCB32560F73D00C8CA70 /* LaunchScreen.storyboard in Resources */ = {isa = PBXBuildFile; fileRef = 2984DCB12560F73D00C8CA70 /* LaunchScreen.storyboard */; };
		2984DCBE2560F73D00C8CA70 /* VisualBookManagerTests.swift in Sources */ = {isa = PBXBuildFile; fileRef = 2984DCBD2560F73D00C8CA70 /* VisualBookManagerTests.swift */; };
		2984DCC92560F73D00C8CA70 /* VisualBookManagerUITests.swift in Sources */ = {isa = PBXBuildFile; fileRef = 2984DCC82560F73D00C8CA70 /* VisualBookManagerUITests.swift */; };
		2984DCD82560FC8A00C8CA70 /* Book.swift in Sources */ = {isa = PBXBuildFile; fileRef = 2984DCD62560FC8A00C8CA70 /* Book.swift */; };
		2984DCD92560FC8A00C8CA70 /* BookManager.swift in Sources */ = {isa = PBXBuildFile; fileRef = 2984DCD72560FC8A00C8CA70 /* BookManager.swift */; };
/* End PBXBuildFile section */

/* Begin PBXContainerItemProxy section */
		2984DCBA2560F73D00C8CA70 /* PBXContainerItemProxy */ = {
			isa = PBXContainerItemProxy;
			containerPortal = 2984DC9B2560F73300C8CA70 /* Project object */;
			proxyType = 1;
			remoteGlobalIDString = 2984DCA22560F73300C8CA70;
			remoteInfo = VisualBookManager;
		};
		2984DCC52560F73D00C8CA70 /* PBXContainerItemProxy */ = {
			isa = PBXContainerItemProxy;
			containerPortal = 2984DC9B2560F73300C8CA70 /* Project object */;
			proxyType = 1;
			remoteGlobalIDString = 2984DCA22560F73300C8CA70;
			remoteInfo = VisualBookManager;
		};
/* End PBXContainerItemProxy section */

/* Begin PBXFileReference section */
		2984DCA32560F73300C8CA70 /* VisualBookManager.app */ = {isa = PBXFileReference; explicitFileType = wrapper.application; includeInIndex = 0; path = VisualBookManager.app; sourceTree = BUILT_PRODUCTS_DIR; };
		2984DCA62560F73300C8CA70 /* AppDelegate.swift */ = {isa = PBXFileReference; lastKnownFileType = sourcecode.swift; path = AppDelegate.swift; sourceTree = "<group>"; };
		2984DCA82560F73300C8CA70 /* SceneDelegate.swift */ = {isa = PBXFileReference; lastKnownFileType = sourcecode.swift; path = SceneDelegate.swift; sourceTree = "<group>"; };
		2984DCAA2560F73300C8CA70 /* ViewController.swift */ = {isa = PBXFileReference; lastKnownFileType = sourcecode.swift; path = ViewController.swift; sourceTree = "<group>"; };
		2984DCAD2560F73300C8CA70 /* Base */ = {isa = PBXFileReference; lastKnownFileType = file.storyboard; name = Base; path = Base.lproj/Main.storyboard; sourceTree = "<group>"; };
		2984DCAF2560F73D00C8CA70 /* Assets.xcassets */ = {isa = PBXFileReference; lastKnownFileType = folder.assetcatalog; path = Assets.xcassets; sourceTree = "<group>"; };
		2984DCB22560F73D00C8CA70 /* Base */ = {isa = PBXFileReference; lastKnownFileType = file.storyboard; name = Base; path = Base.lproj/LaunchScreen.storyboard; sourceTree = "<group>"; };
		2984DCB42560F73D00C8CA70 /* Info.plist */ = {isa = PBXFileReference; lastKnownFileType = text.plist.xml; path = Info.plist; sourceTree = "<group>"; };
		2984DCB92560F73D00C8CA70 /* VisualBookManagerTests.xctest */ = {isa = PBXFileReference; explicitFileType = wrapper.cfbundle; includeInIndex = 0; path = VisualBookManagerTests.xctest; sourceTree = BUILT_PRODUCTS_DIR; };
		2984DCBD2560F73D00C8CA70 /* VisualBookManagerTests.swift */ = {isa = PBXFileReference; lastKnownFileType = sourcecode.swift; path = VisualBookManagerTests.swift; sourceTree = "<group>"; };
		2984DCBF2560F73D00C8CA70 /* Info.plist */ = {isa = PBXFileReference; lastKnownFileType = text.plist.xml; path = Info.plist; sourceTree = "<group>"; };
		2984DCC42560F73D00C8CA70 /* VisualBookManagerUITests.xctest */ = {isa = PBXFileReference; explicitFileType = wrapper.cfbundle; includeInIndex = 0; path = VisualBookManagerUITests.xctest; sourceTree = BUILT_PRODUCTS_DIR; };
		2984DCC82560F73D00C8CA70 /* VisualBookManagerUITests.swift */ = {isa = PBXFileReference; lastKnownFileType = sourcecode.swift; path = VisualBookManagerUITests.swift; sourceTree = "<group>"; };
		2984DCCA2560F73D00C8CA70 /* Info.plist */ = {isa = PBXFileReference; lastKnownFileType = text.plist.xml; path = Info.plist; sourceTree = "<group>"; };
		2984DCD62560FC8A00C8CA70 /* Book.swift */ = {isa = PBXFileReference; fileEncoding = 4; lastKnownFileType = sourcecode.swift; name = Book.swift; path = ../../bookManager/bookManager/Book.swift; sourceTree = "<group>"; };
		2984DCD72560FC8A00C8CA70 /* BookManager.swift */ = {isa = PBXFileReference; fileEncoding = 4; lastKnownFileType = sourcecode.swift; name = BookManager.swift; path = ../../bookManager/bookManager/BookManager.swift; sourceTree = "<group>"; };
/* End PBXFileReference section */

/* Begin PBXFrameworksBuildPhase section */
		2984DCA02560F73300C8CA70 /* Frameworks */ = {
			isa = PBXFrameworksBuildPhase;
			buildActionMask = 2147483647;
			files = (
			);
			runOnlyForDeploymentPostprocessing = 0;
		};
		2984DCB62560F73D00C8CA70 /* Frameworks */ = {
			isa = PBXFrameworksBuildPhase;
			buildActionMask = 2147483647;
			files = (
			);
			runOnlyForDeploymentPostprocessing = 0;
		};
		2984DCC12560F73D00C8CA70 /* Frameworks */ = {
			isa = PBXFrameworksBuildPhase;
			buildActionMask = 2147483647;
			files = (
			);
			runOnlyForDeploymentPostprocessing = 0;
		};
/* End PBXFrameworksBuildPhase section */

/* Begin PBXGroup section */
		2984DC9A2560F73300C8CA70 = {
			isa = PBXGroup;
			children = (
				2984DCA52560F73300C8CA70 /* VisualBookManager */,
				2984DCBC2560F73D00C8CA70 /* VisualBookManagerTests */,
				2984DCC72560F73D00C8CA70 /* VisualBookManagerUITests */,
				2984DCA42560F73300C8CA70 /* Products */,
			);
			sourceTree = "<group>";
		};
		2984DCA42560F73300C8CA70 /* Products */ = {
			isa = PBXGroup;
			children = (
				2984DCA32560F73300C8CA70 /* VisualBookManager.app */,
				2984DCB92560F73D00C8CA70 /* VisualBookManagerTests.xctest */,
				2984DCC42560F73D00C8CA70 /* VisualBookManagerUITests.xctest */,
			);
			name = Products;
			sourceTree = "<group>";
		};
		2984DCA52560F73300C8CA70 /* VisualBookManager */ = {
			isa = PBXGroup;
			children = (
				2984DCA62560F73300C8CA70 /* AppDelegate.swift */,
				2984DCA82560F73300C8CA70 /* SceneDelegate.swift */,
				2984DCAA2560F73300C8CA70 /* ViewController.swift */,
				2984DCD62560FC8A00C8CA70 /* Book.swift */,
				2984DCD72560FC8A00C8CA70 /* BookManager.swift */,
				2984DCAC2560F73300C8CA70 /* Main.storyboard */,
				2984DCAF2560F73D00C8CA70 /* Assets.xcassets */,
				2984DCB12560F73D00C8CA70 /* LaunchScreen.storyboard */,
				2984DCB42560F73D00C8CA70 /* Info.plist */,
			);
			path = VisualBookManager;
			sourceTree = "<group>";
		};
		2984DCBC2560F73D00C8CA70 /* VisualBookManagerTests */ = {
			isa = PBXGroup;
			children = (
				2984DCBD2560F73D00C8CA70 /* VisualBookManagerTests.swift */,
				2984DCBF2560F73D00C8CA70 /* Info.plist */,
			);
			path = VisualBookManagerTests;
			sourceTree = "<group>";
		};
		2984DCC72560F73D00C8CA70 /* VisualBookManagerUITests */ = {
			isa = PBXGroup;
			children = (
				2984DCC82560F73D00C8CA70 /* VisualBookManagerUITests.swift */,
				2984DCCA2560F73D00C8CA70 /* Info.plist */,
			);
			path = VisualBookManagerUITests;
			sourceTree = "<group>";
		};
/* End PBXGroup section */

/* Begin PBXNativeTarget section */
		2984DCA22560F73300C8CA70 /* VisualBookManager */ = {
			isa = PBXNativeTarget;
			buildConfigurationList = 2984DCCD2560F73D00C8CA70 /* Build configuration list for PBXNativeTarget "VisualBookManager" */;
			buildPhases = (
				2984DC9F2560F73300C8CA70 /* Sources */,
				2984DCA02560F73300C8CA70 /* Frameworks */,
				2984DCA12560F73300C8CA70 /* Resources */,
			);
			buildRules = (
			);
			dependencies = (
			);
			name = VisualBookManager;
			productName = VisualBookManager;
			productReference = 2984DCA32560F73300C8CA70 /* VisualBookManager.app */;
			productType = "com.apple.product-type.application";
		};
		2984DCB82560F73D00C8CA70 /* VisualBookManagerTests */ = {
			isa = PBXNativeTarget;
			buildConfigurationList = 2984DCD02560F73D00C8CA70 /* Build configuration list for PBXNativeTarget "VisualBookManagerTests" */;
			buildPhases = (
				2984DCB52560F73D00C8CA70 /* Sources */,
				2984DCB62560F73D00C8CA70 /* Frameworks */,
				2984DCB72560F73D00C8CA70 /* Resources */,
			);
			buildRules = (
			);
			dependencies = (
				2984DCBB2560F73D00C8CA70 /* PBXTargetDependency */,
			);
			name = VisualBookManagerTests;
			productName = VisualBookManagerTests;
			productReference = 2984DCB92560F73D00C8CA70 /* VisualBookManagerTests.xctest */;
			productType = "com.apple.product-type.bundle.unit-test";
		};
		2984DCC32560F73D00C8CA70 /* VisualBookManagerUITests */ = {
			isa = PBXNativeTarget;
			buildConfigurationList = 2984DCD32560F73D00C8CA70 /* Build configuration list for PBXNativeTarget "VisualBookManagerUITests" */;
			buildPhases = (
				2984DCC02560F73D00C8CA70 /* Sources */,
				2984DCC12560F73D00C8CA70 /* Frameworks */,
				2984DCC22560F73D00C8CA70 /* Resources */,
			);
			buildRules = (
			);
			dependencies = (
				2984DCC62560F73D00C8CA70 /* PBXTargetDependency */,
			);
			name = VisualBookManagerUITests;
			productName = VisualBookManagerUITests;
			productReference = 2984DCC42560F73D00C8CA70 /* VisualBookManagerUITests.xctest */;
			productType = "com.apple.product-type.bundle.ui-testing";
		};
/* End PBXNativeTarget section */

/* Begin PBXProject section */
		2984DC9B2560F73300C8CA70 /* Project object */ = {
			isa = PBXProject;
			attributes = {
				LastSwiftUpdateCheck = 1150;
				LastUpgradeCheck = 1150;
				ORGANIZATIONNAME = "김명유";
				TargetAttributes = {
					2984DCA22560F73300C8CA70 = {
						CreatedOnToolsVersion = 11.5;
					};
					2984DCB82560F73D00C8CA70 = {
						CreatedOnToolsVersion = 11.5;
						TestTargetID = 2984DCA22560F73300C8CA70;
					};
					2984DCC32560F73D00C8CA70 = {
						CreatedOnToolsVersion = 11.5;
						TestTargetID = 2984DCA22560F73300C8CA70;
					};
				};
			};
			buildConfigurationList = 2984DC9E2560F73300C8CA70 /* Build configuration list for PBXProject "VisualBookManager" */;
			compatibilityVersion = "Xcode 9.3";
			developmentRegion = en;
			hasScannedForEncodings = 0;
			knownRegions = (
				en,
				Base,
			);
			mainGroup = 2984DC9A2560F73300C8CA70;
			productRefGroup = 2984DCA42560F73300C8CA70 /* Products */;
			projectDirPath = "";
			projectRoot = "";
			targets = (
				2984DCA22560F73300C8CA70 /* VisualBookManager */,
				2984DCB82560F73D00C8CA70 /* VisualBookManagerTests */,
				2984DCC32560F73D00C8CA70 /* VisualBookManagerUITests */,
			);
		};
/* End PBXProject section */

/* Begin PBXResourcesBuildPhase section */
		2984DCA12560F73300C8CA70 /* Resources */ = {
			isa = PBXResourcesBuildPhase;
			buildActionMask = 2147483647;
			files = (
				2984DCB32560F73D00C8CA70 /* LaunchScreen.storyboard in Resources */,
				2984DCB02560F73D00C8CA70 /* Assets.xcassets in Resources */,
				2984DCAE2560F73300C8CA70 /* Main.storyboard in Resources */,
			);
			runOnlyForDeploymentPostprocessing = 0;
		};
		2984DCB72560F73D00C8CA70 /* Resources */ = {
			isa = PBXResourcesBuildPhase;
			buildActionMask = 2147483647;
			files = (
			);
			runOnlyForDeploymentPostprocessing = 0;
		};
		2984DCC22560F73D00C8CA70 /* Resources */ = {
			isa = PBXResourcesBuildPhase;
			buildActionMask = 2147483647;
			files = (
			);
			runOnlyForDeploymentPostprocessing = 0;
		};
/* End PBXResourcesBuildPhase section */

/* Begin PBXSourcesBuildPhase section */
		2984DC9F2560F73300C8CA70 /* Sources */ = {
			isa = PBXSourcesBuildPhase;
			buildActionMask = 2147483647;
			files = (
				2984DCD82560FC8A00C8CA70 /* Book.swift in Sources */,
				2984DCAB2560F73300C8CA70 /* ViewController.swift in Sources */,
				2984DCA72560F73300C8CA70 /* AppDelegate.swift in Sources */,
				2984DCD92560FC8A00C8CA70 /* BookManager.swift in Sources */,
				2984DCA92560F73300C8CA70 /* SceneDelegate.swift in Sources */,
			);
			runOnlyForDeploymentPostprocessing = 0;
		};
		2984DCB52560F73D00C8CA70 /* Sources */ = {
			isa = PBXSourcesBuildPhase;
			buildActionMask = 2147483647;
			files = (
				2984DCBE2560F73D00C8CA70 /* VisualBookManagerTests.swift in Sources */,
			);
			runOnlyForDeploymentPostprocessing = 0;
		};
		2984DCC02560F73D00C8CA70 /* Sources */ = {
			isa = PBXSourcesBuildPhase;
			buildActionMask = 2147483647;
			files = (
				2984DCC92560F73D00C8CA70 /* VisualBookManagerUITests.swift in Sources */,
			);
			runOnlyForDeploymentPostprocessing = 0;
		};
/* End PBXSourcesBuildPhase section */

/* Begin PBXTargetDependency section */
		2984DCBB2560F73D00C8CA70 /* PBXTargetDependency */ = {
			isa = PBXTargetDependency;
			target = 2984DCA22560F73300C8CA70 /* VisualBookManager */;
			targetProxy = 2984DCBA2560F73D00C8CA70 /* PBXContainerItemProxy */;
		};
		2984DCC62560F73D00C8CA70 /* PBXTargetDependency */ = {
			isa = PBXTargetDependency;
			target = 2984DCA22560F73300C8CA70 /* VisualBookManager */;
			targetProxy = 2984DCC52560F73D00C8CA70 /* PBXContainerItemProxy */;
		};
/* End PBXTargetDependency section */

/* Begin PBXVariantGroup section */
		2984DCAC2560F73300C8CA70 /* Main.storyboard */ = {
			isa = PBXVariantGroup;
			children = (
				2984DCAD2560F73300C8CA70 /* Base */,
			);
			name = Main.storyboard;
			sourceTree = "<group>";
		};
		2984DCB12560F73D00C8CA70 /* LaunchScreen.storyboard */ = {
			isa = PBXVariantGroup;
			children = (
				2984DCB22560F73D00C8CA70 /* Base */,
			);
			name = LaunchScreen.storyboard;
			sourceTree = "<group>";
		};
/* End PBXVariantGroup section */

/* Begin XCBuildConfiguration section */
		2984DCCB2560F73D00C8CA70 /* Debug */ = {
			isa = XCBuildConfiguration;
			buildSettings = {
				ALWAYS_SEARCH_USER_PATHS = NO;
				CLANG_ANALYZER_NONNULL = YES;
				CLANG_ANALYZER_NUMBER_OBJECT_CONVERSION = YES_AGGRESSIVE;
				CLANG_CXX_LANGUAGE_STANDARD = "gnu++14";
				CLANG_CXX_LIBRARY = "libc++";
				CLANG_ENABLE_MODULES = YES;
				CLANG_ENABLE_OBJC_ARC = YES;
				CLANG_ENABLE_OBJC_WEAK = YES;
				CLANG_WARN_BLOCK_CAPTURE_AUTORELEASING = YES;
				CLANG_WARN_BOOL_CONVERSION = YES;
				CLANG_WARN_COMMA = YES;
				CLANG_WARN_CONSTANT_CONVERSION = YES;
				CLANG_WARN_DEPRECATED_OBJC_IMPLEMENTATIONS = YES;
				CLANG_WARN_DIRECT_OBJC_ISA_USAGE = YES_ERROR;
				CLANG_WARN_DOCUMENTATION_COMMENTS = YES;
				CLANG_WARN_EMPTY_BODY = YES;
				CLANG_WARN_ENUM_CONVERSION = YES;
				CLANG_WARN_INFINITE_RECURSION = YES;
				CLANG_WARN_INT_CONVERSION = YES;
				CLANG_WARN_NON_LITERAL_NULL_CONVERSION = YES;
				CLANG_WARN_OBJC_IMPLICIT_RETAIN_SELF = YES;
				CLANG_WARN_OBJC_LITERAL_CONVERSION = YES;
				CLANG_WARN_OBJC_ROOT_CLASS = YES_ERROR;
				CLANG_WARN_RANGE_LOOP_ANALYSIS = YES;
				CLANG_WARN_STRICT_PROTOTYPES = YES;
				CLANG_WARN_SUSPICIOUS_MOVE = YES;
				CLANG_WARN_UNGUARDED_AVAILABILITY = YES_AGGRESSIVE;
				CLANG_WARN_UNREACHABLE_CODE = YES;
				CLANG_WARN__DUPLICATE_METHOD_MATCH = YES;
				COPY_PHASE_STRIP = NO;
				DEBUG_INFORMATION_FORMAT = dwarf;
				ENABLE_STRICT_OBJC_MSGSEND = YES;
				ENABLE_TESTABILITY = YES;
				GCC_C_LANGUAGE_STANDARD = gnu11;
				GCC_DYNAMIC_NO_PIC = NO;
				GCC_NO_COMMON_BLOCKS = YES;
				GCC_OPTIMIZATION_LEVEL = 0;
				GCC_PREPROCESSOR_DEFINITIONS = (
					"DEBUG=1",
					"$(inherited)",
				);
				GCC_WARN_64_TO_32_BIT_CONVERSION = YES;
				GCC_WARN_ABOUT_RETURN_TYPE = YES_ERROR;
				GCC_WARN_UNDECLARED_SELECTOR = YES;
				GCC_WARN_UNINITIALIZED_AUTOS = YES_AGGRESSIVE;
				GCC_WARN_UNUSED_FUNCTION = YES;
				GCC_WARN_UNUSED_VARIABLE = YES;
				IPHONEOS_DEPLOYMENT_TARGET = 13.5;
				MTL_ENABLE_DEBUG_INFO = INCLUDE_SOURCE;
				MTL_FAST_MATH = YES;
				ONLY_ACTIVE_ARCH = YES;
				SDKROOT = iphoneos;
				SWIFT_ACTIVE_COMPILATION_CONDITIONS = DEBUG;
				SWIFT_OPTIMIZATION_LEVEL = "-Onone";
			};
			name = Debug;
		};
		2984DCCC2560F73D00C8CA70 /* Release */ = {
			isa = XCBuildConfiguration;
			buildSettings = {
				ALWAYS_SEARCH_USER_PATHS = NO;
				CLANG_ANALYZER_NONNULL = YES;
				CLANG_ANALYZER_NUMBER_OBJECT_CONVERSION = YES_AGGRESSIVE;
				CLANG_CXX_LANGUAGE_STANDARD = "gnu++14";
				CLANG_CXX_LIBRARY = "libc++";
				CLANG_ENABLE_MODULES = YES;
				CLANG_ENABLE_OBJC_ARC = YES;
				CLANG_ENABLE_OBJC_WEAK = YES;
				CLANG_WARN_BLOCK_CAPTURE_AUTORELEASING = YES;
				CLANG_WARN_BOOL_CONVERSION = YES;
				CLANG_WARN_COMMA = YES;
				CLANG_WARN_CONSTANT_CONVERSION = YES;
				CLANG_WARN_DEPRECATED_OBJC_IMPLEMENTATIONS = YES;
				CLANG_WARN_DIRECT_OBJC_ISA_USAGE = YES_ERROR;
				CLANG_WARN_DOCUMENTATION_COMMENTS = YES;
				CLANG_WARN_EMPTY_BODY = YES;
				CLANG_WARN_ENUM_CONVERSION = YES;
				CLANG_WARN_INFINITE_RECURSION = YES;
				CLANG_WARN_INT_CONVERSION = YES;
				CLANG_WARN_NON_LITERAL_NULL_CONVERSION = YES;
				CLANG_WARN_OBJC_IMPLICIT_RETAIN_SELF = YES;
				CLANG_WARN_OBJC_LITERAL_CONVERSION = YES;
				CLANG_WARN_OBJC_ROOT_CLASS = YES_ERROR;
				CLANG_WARN_RANGE_LOOP_ANALYSIS = YES;
				CLANG_WARN_STRICT_PROTOTYPES = YES;
				CLANG_WARN_SUSPICIOUS_MOVE = YES;
				CLANG_WARN_UNGUARDED_AVAILABILITY = YES_AGGRESSIVE;
				CLANG_WARN_UNREACHABLE_CODE = YES;
				CLANG_WARN__DUPLICATE_METHOD_MATCH = YES;
				COPY_PHASE_STRIP = NO;
				DEBUG_INFORMATION_FORMAT = "dwarf-with-dsym";
				ENABLE_NS_ASSERTIONS = NO;
				ENABLE_STRICT_OBJC_MSGSEND = YES;
				GCC_C_LANGUAGE_STANDARD = gnu11;
				GCC_NO_COMMON_BLOCKS = YES;
				GCC_WARN_64_TO_32_BIT_CONVERSION = YES;
				GCC_WARN_ABOUT_RETURN_TYPE = YES_ERROR;
				GCC_WARN_UNDECLARED_SELECTOR = YES;
				GCC_WARN_UNINITIALIZED_AUTOS = YES_AGGRESSIVE;
				GCC_WARN_UNUSED_FUNCTION = YES;
				GCC_WARN_UNUSED_VARIABLE = YES;
				IPHONEOS_DEPLOYMENT_TARGET = 13.5;
				MTL_ENABLE_DEBUG_INFO = NO;
				MTL_FAST_MATH = YES;
				SDKROOT = iphoneos;
				SWIFT_COMPILATION_MODE = wholemodule;
				SWIFT_OPTIMIZATION_LEVEL = "-O";
				VALIDATE_PRODUCT = YES;
			};
			name = Release;
		};
		2984DCCE2560F73D00C8CA70 /* Debug */ = {
			isa = XCBuildConfiguration;
			buildSettings = {
				ASSETCATALOG_COMPILER_APPICON_NAME = AppIcon;
				CODE_SIGN_STYLE = Automatic;
				INFOPLIST_FILE = VisualBookManager/Info.plist;
				LD_RUNPATH_SEARCH_PATHS = (
					"$(inherited)",
					"@executable_path/Frameworks",
				);
				PRODUCT_BUNDLE_IDENTIFIER = com.myungyu.VisualBookManager;
				PRODUCT_NAME = "$(TARGET_NAME)";
				SWIFT_VERSION = 5.0;
				TARGETED_DEVICE_FAMILY = "1,2";
			};
			name = Debug;
		};
		2984DCCF2560F73D00C8CA70 /* Release */ = {
			isa = XCBuildConfiguration;
			buildSettings = {
				ASSETCATALOG_COMPILER_APPICON_NAME = AppIcon;
				CODE_SIGN_STYLE = Automatic;
				INFOPLIST_FILE = VisualBookManager/Info.plist;
				LD_RUNPATH_SEARCH_PATHS = (
					"$(inherited)",
					"@executable_path/Frameworks",
				);
				PRODUCT_BUNDLE_IDENTIFIER = com.myungyu.VisualBookManager;
				PRODUCT_NAME = "$(TARGET_NAME)";
				SWIFT_VERSION = 5.0;
				TARGETED_DEVICE_FAMILY = "1,2";
			};
			name = Release;
		};
		2984DCD12560F73D00C8CA70 /* Debug */ = {
			isa = XCBuildConfiguration;
			buildSettings = {
				ALWAYS_EMBED_SWIFT_STANDARD_LIBRARIES = YES;
				BUNDLE_LOADER = "$(TEST_HOST)";
				CODE_SIGN_STYLE = Automatic;
				INFOPLIST_FILE = VisualBookManagerTests/Info.plist;
				IPHONEOS_DEPLOYMENT_TARGET = 13.5;
				LD_RUNPATH_SEARCH_PATHS = (
					"$(inherited)",
					"@executable_path/Frameworks",
					"@loader_path/Frameworks",
				);
				PRODUCT_BUNDLE_IDENTIFIER = com.myungyu.VisualBookManagerTests;
				PRODUCT_NAME = "$(TARGET_NAME)";
				SWIFT_VERSION = 5.0;
				TARGETED_DEVICE_FAMILY = "1,2";
				TEST_HOST = "$(BUILT_PRODUCTS_DIR)/VisualBookManager.app/VisualBookManager";
			};
			name = Debug;
		};
		2984DCD22560F73D00C8CA70 /* Release */ = {
			isa = XCBuildConfiguration;
			buildSettings = {
				ALWAYS_EMBED_SWIFT_STANDARD_LIBRARIES = YES;
				BUNDLE_LOADER = "$(TEST_HOST)";
				CODE_SIGN_STYLE = Automatic;
				INFOPLIST_FILE = VisualBookManagerTests/Info.plist;
				IPHONEOS_DEPLOYMENT_TARGET = 13.5;
				LD_RUNPATH_SEARCH_PATHS = (
					"$(inherited)",
					"@executable_path/Frameworks",
					"@loader_path/Frameworks",
				);
				PRODUCT_BUNDLE_IDENTIFIER = com.myungyu.VisualBookManagerTests;
				PRODUCT_NAME = "$(TARGET_NAME)";
				SWIFT_VERSION = 5.0;
				TARGETED_DEVICE_FAMILY = "1,2";
				TEST_HOST = "$(BUILT_PRODUCTS_DIR)/VisualBookManager.app/VisualBookManager";
			};
			name = Release;
		};
		2984DCD42560F73D00C8CA70 /* Debug */ = {
			isa = XCBuildConfiguration;
			buildSettings = {
				ALWAYS_EMBED_SWIFT_STANDARD_LIBRARIES = YES;
				CODE_SIGN_STYLE = Automatic;
				INFOPLIST_FILE = VisualBookManagerUITests/Info.plist;
				LD_RUNPATH_SEARCH_PATHS = (
					"$(inherited)",
					"@executable_path/Frameworks",
					"@loader_path/Frameworks",
				);
				PRODUCT_BUNDLE_IDENTIFIER = com.myungyu.VisualBookManagerUITests;
				PRODUCT_NAME = "$(TARGET_NAME)";
				SWIFT_VERSION = 5.0;
				TARGETED_DEVICE_FAMILY = "1,2";
				TEST_TARGET_NAME = VisualBookManager;
			};
			name = Debug;
		};
		2984DCD52560F73D00C8CA70 /* Release */ = {
			isa = XCBuildConfiguration;
			buildSettings = {
				ALWAYS_EMBED_SWIFT_STANDARD_LIBRARIES = YES;
				CODE_SIGN_STYLE = Automatic;
				INFOPLIST_FILE = VisualBookManagerUITests/Info.plist;
				LD_RUNPATH_SEARCH_PATHS = (
					"$(inherited)",
					"@executable_path/Frameworks",
					"@loader_path/Frameworks",
				);
				PRODUCT_BUNDLE_IDENTIFIER = com.myungyu.VisualBookManagerUITests;
				PRODUCT_NAME = "$(TARGET_NAME)";
				SWIFT_VERSION = 5.0;
				TARGETED_DEVICE_FAMILY = "1,2";
				TEST_TARGET_NAME = VisualBookManager;
			};
			name = Release;
		};
/* End XCBuildConfiguration section */

/* Begin XCConfigurationList section */
		2984DC9E2560F73300C8CA70 /* Build configuration list for PBXProject "VisualBookManager" */ = {
			isa = XCConfigurationList;
			buildConfigurations = (
				2984DCCB2560F73D00C8CA70 /* Debug */,
				2984DCCC2560F73D00C8CA70 /* Release */,
			);
			defaultConfigurationIsVisible = 0;
			defaultConfigurationName = Release;
		};
		2984DCCD2560F73D00C8CA70 /* Build configuration list for PBXNativeTarget "VisualBookManager" */ = {
			isa = XCConfigurationList;
			buildConfigurations = (
				2984DCCE2560F73D00C8CA70 /* Debug */,
				2984DCCF2560F73D00C8CA70 /* Release */,
			);
			defaultConfigurationIsVisible = 0;
			defaultConfigurationName = Release;
		};
		2984DCD02560F73D00C8CA70 /* Build configuration list for PBXNativeTarget "VisualBookManagerTests" */ = {
			isa = XCConfigurationList;
			buildConfigurations = (
				2984DCD12560F73D00C8CA70 /* Debug */,
				2984DCD22560F73D00C8CA70 /* Release */,
			);
			defaultConfigurationIsVisible = 0;
			defaultConfigurationName = Release;
		};
		2984DCD32560F73D00C8CA70 /* Build configuration list for PBXNativeTarget "VisualBookManagerUITests" */ = {
			isa = XCConfigurationList;
			buildConfigurations = (
				2984DCD42560F73D00C8CA70 /* Debug */,
				2984DCD52560F73D00C8CA70 /* Release */,
			);
			defaultConfigurationIsVisible = 0;
			defaultConfigurationName = Release;
		};
/* End XCConfigurationList section */
	};
	rootObject = 2984DC9B2560F73300C8CA70 /* Project object */;
}
